// !$*UTF8*$!
{
	archiveVersion = 1;
	classes = {
	};
	objectVersion = 50;
	objects = {

/* Begin PBXBuildFile section */
		B28E19AA217ACBB80013081F /* AppDelegate.swift in Sources */ = {isa = PBXBuildFile; fileRef = B28E19A9217ACBB80013081F /* AppDelegate.swift */; };
		B28E19AC217ACBB80013081F /* ViewController.swift in Sources */ = {isa = PBXBuildFile; fileRef = B28E19AB217ACBB80013081F /* ViewController.swift */; };
		B28E19AF217ACBB80013081F /* Main.storyboard in Resources */ = {isa = PBXBuildFile; fileRef = B28E19AD217ACBB80013081F /* Main.storyboard */; };
		B28E19B1217ACBBC0013081F /* Assets.xcassets in Resources */ = {isa = PBXBuildFile; fileRef = B28E19B0217ACBBC0013081F /* Assets.xcassets */; };
		B28E19B4217ACBBC0013081F /* LaunchScreen.storyboard in Resources */ = {isa = PBXBuildFile; fileRef = B28E19B2217ACBBC0013081F /* LaunchScreen.storyboard */; };
		B28E19BF217ACBBD0013081F /* GuessTheNumberTests.swift in Sources */ = {isa = PBXBuildFile; fileRef = B28E19BE217ACBBD0013081F /* GuessTheNumberTests.swift */; };
		B28E19CA217ACBBD0013081F /* GuessTheNumberUITests.swift in Sources */ = {isa = PBXBuildFile; fileRef = B28E19C9217ACBBD0013081F /* GuessTheNumberUITests.swift */; };
/* End PBXBuildFile section */

/* Begin PBXContainerItemProxy section */
		B28E19BB217ACBBD0013081F /* PBXContainerItemProxy */ = {
			isa = PBXContainerItemProxy;
			containerPortal = B28E199E217ACBB80013081F /* Project object */;
			proxyType = 1;
			remoteGlobalIDString = B28E19A5217ACBB80013081F;
			remoteInfo = GuessTheNumber;
		};
		B28E19C6217ACBBD0013081F /* PBXContainerItemProxy */ = {
			isa = PBXContainerItemProxy;
			containerPortal = B28E199E217ACBB80013081F /* Project object */;
			proxyType = 1;
			remoteGlobalIDString = B28E19A5217ACBB80013081F;
			remoteInfo = GuessTheNumber;
		};
/* End PBXContainerItemProxy section */

/* Begin PBXFileReference section */
		B28E19A6217ACBB80013081F /* GuessTheNumber.app */ = {isa = PBXFileReference; explicitFileType = wrapper.application; includeInIndex = 0; path = GuessTheNumber.app; sourceTree = BUILT_PRODUCTS_DIR; };
		B28E19A9217ACBB80013081F /* AppDelegate.swift */ = {isa = PBXFileReference; lastKnownFileType = sourcecode.swift; path = AppDelegate.swift; sourceTree = "<group>"; };
		B28E19AB217ACBB80013081F /* ViewController.swift */ = {isa = PBXFileReference; lastKnownFileType = sourcecode.swift; path = ViewController.swift; sourceTree = "<group>"; };
		B28E19AE217ACBB80013081F /* Base */ = {isa = PBXFileReference; lastKnownFileType = file.storyboard; name = Base; path = Base.lproj/Main.storyboard; sourceTree = "<group>"; };
		B28E19B0217ACBBC0013081F /* Assets.xcassets */ = {isa = PBXFileReference; lastKnownFileType = folder.assetcatalog; path = Assets.xcassets; sourceTree = "<group>"; };
		B28E19B3217ACBBC0013081F /* Base */ = {isa = PBXFileReference; lastKnownFileType = file.storyboard; name = Base; path = Base.lproj/LaunchScreen.storyboard; sourceTree = "<group>"; };
		B28E19B5217ACBBC0013081F /* Info.plist */ = {isa = PBXFileReference; lastKnownFileType = text.plist.xml; path = Info.plist; sourceTree = "<group>"; };
		B28E19BA217ACBBD0013081F /* GuessTheNumberTests.xctest */ = {isa = PBXFileReference; explicitFileType = wrapper.cfbundle; includeInIndex = 0; path = GuessTheNumberTests.xctest; sourceTree = BUILT_PRODUCTS_DIR; };
		B28E19BE217ACBBD0013081F /* GuessTheNumberTests.swift */ = {isa = PBXFileReference; lastKnownFileType = sourcecode.swift; path = GuessTheNumberTests.swift; sourceTree = "<group>"; };
		B28E19C0217ACBBD0013081F /* Info.plist */ = {isa = PBXFileReference; lastKnownFileType = text.plist.xml; path = Info.plist; sourceTree = "<group>"; };
		B28E19C5217ACBBD0013081F /* GuessTheNumberUITests.xctest */ = {isa = PBXFileReference; explicitFileType = wrapper.cfbundle; includeInIndex = 0; path = GuessTheNumberUITests.xctest; sourceTree = BUILT_PRODUCTS_DIR; };
		B28E19C9217ACBBD0013081F /* GuessTheNumberUITests.swift */ = {isa = PBXFileReference; lastKnownFileType = sourcecode.swift; path = GuessTheNumberUITests.swift; sourceTree = "<group>"; };
		B28E19CB217ACBBD0013081F /* Info.plist */ = {isa = PBXFileReference; lastKnownFileType = text.plist.xml; path = Info.plist; sourceTree = "<group>"; };
/* End PBXFileReference section */

/* Begin PBXFrameworksBuildPhase section */
		B28E19A3217ACBB80013081F /* Frameworks */ = {
			isa = PBXFrameworksBuildPhase;
			buildActionMask = 2147483647;
			files = (
			);
			runOnlyForDeploymentPostprocessing = 0;
		};
		B28E19B7217ACBBD0013081F /* Frameworks */ = {
			isa = PBXFrameworksBuildPhase;
			buildActionMask = 2147483647;
			files = (
			);
			runOnlyForDeploymentPostprocessing = 0;
		};
		B28E19C2217ACBBD0013081F /* Frameworks */ = {
			isa = PBXFrameworksBuildPhase;
			buildActionMask = 2147483647;
			files = (
			);
			runOnlyForDeploymentPostprocessing = 0;
		};
/* End PBXFrameworksBuildPhase section */

/* Begin PBXGroup section */
		B28E199D217ACBB80013081F = {
			isa = PBXGroup;
			children = (
				B28E19A8217ACBB80013081F /* GuessTheNumber */,
				B28E19BD217ACBBD0013081F /* GuessTheNumberTests */,
				B28E19C8217ACBBD0013081F /* GuessTheNumberUITests */,
				B28E19A7217ACBB80013081F /* Products */,
			);
			sourceTree = "<group>";
		};
		B28E19A7217ACBB80013081F /* Products */ = {
			isa = PBXGroup;
			children = (
				B28E19A6217ACBB80013081F /* GuessTheNumber.app */,
				B28E19BA217ACBBD0013081F /* GuessTheNumberTests.xctest */,
				B28E19C5217ACBBD0013081F /* GuessTheNumberUITests.xctest */,
			);
			name = Products;
			sourceTree = "<group>";
		};
		B28E19A8217ACBB80013081F /* GuessTheNumber */ = {
			isa = PBXGroup;
			children = (
				B28E19A9217ACBB80013081F /* AppDelegate.swift */,
				B28E19AB217ACBB80013081F /* ViewController.swift */,
				B28E19AD217ACBB80013081F /* Main.storyboard */,
				B28E19B0217ACBBC0013081F /* Assets.xcassets */,
				B28E19B2217ACBBC0013081F /* LaunchScreen.storyboard */,
				B28E19B5217ACBBC0013081F /* Info.plist */,
			);
			path = GuessTheNumber;
			sourceTree = "<group>";
		};
		B28E19BD217ACBBD0013081F /* GuessTheNumberTests */ = {
			isa = PBXGroup;
			children = (
				B28E19BE217ACBBD0013081F /* GuessTheNumberTests.swift */,
				B28E19C0217ACBBD0013081F /* Info.plist */,
			);
			path = GuessTheNumberTests;
			sourceTree = "<group>";
		};
		B28E19C8217ACBBD0013081F /* GuessTheNumberUITests */ = {
			isa = PBXGroup;
			children = (
				B28E19C9217ACBBD0013081F /* GuessTheNumberUITests.swift */,
				B28E19CB217ACBBD0013081F /* Info.plist */,
			);
			path = GuessTheNumberUITests;
			sourceTree = "<group>";
		};
/* End PBXGroup section */

/* Begin PBXNativeTarget section */
		B28E19A5217ACBB80013081F /* GuessTheNumber */ = {
			isa = PBXNativeTarget;
			buildConfigurationList = B28E19CE217ACBBD0013081F /* Build configuration list for PBXNativeTarget "GuessTheNumber" */;
			buildPhases = (
				B28E19A2217ACBB80013081F /* Sources */,
				B28E19A3217ACBB80013081F /* Frameworks */,
				B28E19A4217ACBB80013081F /* Resources */,
			);
			buildRules = (
			);
			dependencies = (
			);
			name = GuessTheNumber;
			productName = GuessTheNumber;
			productReference = B28E19A6217ACBB80013081F /* GuessTheNumber.app */;
			productType = "com.apple.product-type.application";
		};
		B28E19B9217ACBBD0013081F /* GuessTheNumberTests */ = {
			isa = PBXNativeTarget;
			buildConfigurationList = B28E19D1217ACBBD0013081F /* Build configuration list for PBXNativeTarget "GuessTheNumberTests" */;
			buildPhases = (
				B28E19B6217ACBBD0013081F /* Sources */,
				B28E19B7217ACBBD0013081F /* Frameworks */,
				B28E19B8217ACBBD0013081F /* Resources */,
			);
			buildRules = (
			);
			dependencies = (
				B28E19BC217ACBBD0013081F /* PBXTargetDependency */,
			);
			name = GuessTheNumberTests;
			productName = GuessTheNumberTests;
			productReference = B28E19BA217ACBBD0013081F /* GuessTheNumberTests.xctest */;
			productType = "com.apple.product-type.bundle.unit-test";
		};
		B28E19C4217ACBBD0013081F /* GuessTheNumberUITests */ = {
			isa = PBXNativeTarget;
			buildConfigurationList = B28E19D4217ACBBD0013081F /* Build configuration list for PBXNativeTarget "GuessTheNumberUITests" */;
			buildPhases = (
				B28E19C1217ACBBD0013081F /* Sources */,
				B28E19C2217ACBBD0013081F /* Frameworks */,
				B28E19C3217ACBBD0013081F /* Resources */,
			);
			buildRules = (
			);
			dependencies = (
				B28E19C7217ACBBD0013081F /* PBXTargetDependency */,
			);
			name = GuessTheNumberUITests;
			productName = GuessTheNumberUITests;
			productReference = B28E19C5217ACBBD0013081F /* GuessTheNumberUITests.xctest */;
			productType = "com.apple.product-type.bundle.ui-testing";
		};
/* End PBXNativeTarget section */

/* Begin PBXProject section */
		B28E199E217ACBB80013081F /* Project object */ = {
			isa = PBXProject;
			attributes = {
				LastSwiftUpdateCheck = 0940;
				LastUpgradeCheck = 0940;
				ORGANIZATIONNAME = "Cynthia Mo";
				TargetAttributes = {
					B28E19A5217ACBB80013081F = {
						CreatedOnToolsVersion = 9.4.1;
					};
					B28E19B9217ACBBD0013081F = {
						CreatedOnToolsVersion = 9.4.1;
						TestTargetID = B28E19A5217ACBB80013081F;
					};
					B28E19C4217ACBBD0013081F = {
						CreatedOnToolsVersion = 9.4.1;
						TestTargetID = B28E19A5217ACBB80013081F;
					};
				};
			};
			buildConfigurationList = B28E19A1217ACBB80013081F /* Build configuration list for PBXProject "GuessTheNumber" */;
			compatibilityVersion = "Xcode 9.3";
			developmentRegion = en;
			hasScannedForEncodings = 0;
			knownRegions = (
				en,
				Base,
			);
			mainGroup = B28E199D217ACBB80013081F;
			productRefGroup = B28E19A7217ACBB80013081F /* Products */;
			projectDirPath = "";
			projectRoot = "";
			targets = (
				B28E19A5217ACBB80013081F /* GuessTheNumber */,
				B28E19B9217ACBBD0013081F /* GuessTheNumberTests */,
				B28E19C4217ACBBD0013081F /* GuessTheNumberUITests */,
			);
		};
/* End PBXProject section */

/* Begin PBXResourcesBuildPhase section */
		B28E19A4217ACBB80013081F /* Resources */ = {
			isa = PBXResourcesBuildPhase;
			buildActionMask = 2147483647;
			files = (
				B28E19B4217ACBBC0013081F /* LaunchScreen.storyboard in Resources */,
				B28E19B1217ACBBC0013081F /* Assets.xcassets in Resources */,
				B28E19AF217ACBB80013081F /* Main.storyboard in Resources */,
			);
			runOnlyForDeploymentPostprocessing = 0;
		};
		B28E19B8217ACBBD0013081F /* Resources */ = {
			isa = PBXResourcesBuildPhase;
			buildActionMask = 2147483647;
			files = (
			);
			runOnlyForDeploymentPostprocessing = 0;
		};
		B28E19C3217ACBBD0013081F /* Resources */ = {
			isa = PBXResourcesBuildPhase;
			buildActionMask = 2147483647;
			files = (
			);
			runOnlyForDeploymentPostprocessing = 0;
		};
/* End PBXResourcesBuildPhase section */

/* Begin PBXSourcesBuildPhase section */
		B28E19A2217ACBB80013081F /* Sources */ = {
			isa = PBXSourcesBuildPhase;
			buildActionMask = 2147483647;
			files = (
				B28E19AC217ACBB80013081F /* ViewController.swift in Sources */,
				B28E19AA217ACBB80013081F /* AppDelegate.swift in Sources */,
			);
			runOnlyForDeploymentPostprocessing = 0;
		};
		B28E19B6217ACBBD0013081F /* Sources */ = {
			isa = PBXSourcesBuildPhase;
			buildActionMask = 2147483647;
			files = (
				B28E19BF217ACBBD0013081F /* GuessTheNumberTests.swift in Sources */,
			);
			runOnlyForDeploymentPostprocessing = 0;
		};
		B28E19C1217ACBBD0013081F /* Sources */ = {
			isa = PBXSourcesBuildPhase;
			buildActionMask = 2147483647;
			files = (
				B28E19CA217ACBBD0013081F /* GuessTheNumberUITests.swift in Sources */,
			);
			runOnlyForDeploymentPostprocessing = 0;
		};
/* End PBXSourcesBuildPhase section */

/* Begin PBXTargetDependency section */
		B28E19BC217ACBBD0013081F /* PBXTargetDependency */ = {
			isa = PBXTargetDependency;
			target = B28E19A5217ACBB80013081F /* GuessTheNumber */;
			targetProxy = B28E19BB217ACBBD0013081F /* PBXContainerItemProxy */;
		};
		B28E19C7217ACBBD0013081F /* PBXTargetDependency */ = {
			isa = PBXTargetDependency;
			target = B28E19A5217ACBB80013081F /* GuessTheNumber */;
			targetProxy = B28E19C6217ACBBD0013081F /* PBXContainerItemProxy */;
		};
/* End PBXTargetDependency section */

/* Begin PBXVariantGroup section */
		B28E19AD217ACBB80013081F /* Main.storyboard */ = {
			isa = PBXVariantGroup;
			children = (
				B28E19AE217ACBB80013081F /* Base */,
			);
			name = Main.storyboard;
			sourceTree = "<group>";
		};
		B28E19B2217ACBBC0013081F /* LaunchScreen.storyboard */ = {
			isa = PBXVariantGroup;
			children = (
				B28E19B3217ACBBC0013081F /* Base */,
			);
			name = LaunchScreen.storyboard;
			sourceTree = "<group>";
		};
/* End PBXVariantGroup section */

/* Begin XCBuildConfiguration section */
		B28E19CC217ACBBD0013081F /* Debug */ = {
			isa = XCBuildConfiguration;
			buildSettings = {
				ALWAYS_SEARCH_USER_PATHS = NO;
				CLANG_ANALYZER_NONNULL = YES;
				CLANG_ANALYZER_NUMBER_OBJECT_CONVERSION = YES_AGGRESSIVE;
				CLANG_CXX_LANGUAGE_STANDARD = "gnu++14";
				CLANG_CXX_LIBRARY = "libc++";
				CLANG_ENABLE_MODULES = YES;
				CLANG_ENABLE_OBJC_ARC = YES;
				CLANG_ENABLE_OBJC_WEAK = YES;
				CLANG_WARN_BLOCK_CAPTURE_AUTORELEASING = YES;
				CLANG_WARN_BOOL_CONVERSION = YES;
				CLANG_WARN_COMMA = YES;
				CLANG_WARN_CONSTANT_CONVERSION = YES;
				CLANG_WARN_DEPRECATED_OBJC_IMPLEMENTATIONS = YES;
				CLANG_WARN_DIRECT_OBJC_ISA_USAGE = YES_ERROR;
				CLANG_WARN_DOCUMENTATION_COMMENTS = YES;
				CLANG_WARN_EMPTY_BODY = YES;
				CLANG_WARN_ENUM_CONVERSION = YES;
				CLANG_WARN_INFINITE_RECURSION = YES;
				CLANG_WARN_INT_CONVERSION = YES;
				CLANG_WARN_NON_LITERAL_NULL_CONVERSION = YES;
				CLANG_WARN_OBJC_IMPLICIT_RETAIN_SELF = YES;
				CLANG_WARN_OBJC_LITERAL_CONVERSION = YES;
				CLANG_WARN_OBJC_ROOT_CLASS = YES_ERROR;
				CLANG_WARN_RANGE_LOOP_ANALYSIS = YES;
				CLANG_WARN_STRICT_PROTOTYPES = YES;
				CLANG_WARN_SUSPICIOUS_MOVE = YES;
				CLANG_WARN_UNGUARDED_AVAILABILITY = YES_AGGRESSIVE;
				CLANG_WARN_UNREACHABLE_CODE = YES;
				CLANG_WARN__DUPLICATE_METHOD_MATCH = YES;
				CODE_SIGN_IDENTITY = "iPhone Developer";
				COPY_PHASE_STRIP = NO;
				DEBUG_INFORMATION_FORMAT = dwarf;
				ENABLE_STRICT_OBJC_MSGSEND = YES;
				ENABLE_TESTABILITY = YES;
				GCC_C_LANGUAGE_STANDARD = gnu11;
				GCC_DYNAMIC_NO_PIC = NO;
				GCC_NO_COMMON_BLOCKS = YES;
				GCC_OPTIMIZATION_LEVEL = 0;
				GCC_PREPROCESSOR_DEFINITIONS = (
					"DEBUG=1",
					"$(inherited)",
				);
				GCC_WARN_64_TO_32_BIT_CONVERSION = YES;
				GCC_WARN_ABOUT_RETURN_TYPE = YES_ERROR;
				GCC_WARN_UNDECLARED_SELECTOR = YES;
				GCC_WARN_UNINITIALIZED_AUTOS = YES_AGGRESSIVE;
				GCC_WARN_UNUSED_FUNCTION = YES;
				GCC_WARN_UNUSED_VARIABLE = YES;
				IPHONEOS_DEPLOYMENT_TARGET = 11.4;
				MTL_ENABLE_DEBUG_INFO = YES;
				ONLY_ACTIVE_ARCH = YES;
				SDKROOT = iphoneos;
				SWIFT_ACTIVE_COMPILATION_CONDITIONS = DEBUG;
				SWIFT_OPTIMIZATION_LEVEL = "-Onone";
			};
			name = Debug;
		};
		B28E19CD217ACBBD0013081F /* Release */ = {
			isa = XCBuildConfiguration;
			buildSettings = {
				ALWAYS_SEARCH_USER_PATHS = NO;
				CLANG_ANALYZER_NONNULL = YES;
				CLANG_ANALYZER_NUMBER_OBJECT_CONVERSION = YES_AGGRESSIVE;
				CLANG_CXX_LANGUAGE_STANDARD = "gnu++14";
				CLANG_CXX_LIBRARY = "libc++";
				CLANG_ENABLE_MODULES = YES;
				CLANG_ENABLE_OBJC_ARC = YES;
				CLANG_ENABLE_OBJC_WEAK = YES;
				CLANG_WARN_BLOCK_CAPTURE_AUTORELEASING = YES;
				CLANG_WARN_BOOL_CONVERSION = YES;
				CLANG_WARN_COMMA = YES;
				CLANG_WARN_CONSTANT_CONVERSION = YES;
				CLANG_WARN_DEPRECATED_OBJC_IMPLEMENTATIONS = YES;
				CLANG_WARN_DIRECT_OBJC_ISA_USAGE = YES_ERROR;
				CLANG_WARN_DOCUMENTATION_COMMENTS = YES;
				CLANG_WARN_EMPTY_BODY = YES;
				CLANG_WARN_ENUM_CONVERSION = YES;
				CLANG_WARN_INFINITE_RECURSION = YES;
				CLANG_WARN_INT_CONVERSION = YES;
				CLANG_WARN_NON_LITERAL_NULL_CONVERSION = YES;
				CLANG_WARN_OBJC_IMPLICIT_RETAIN_SELF = YES;
				CLANG_WARN_OBJC_LITERAL_CONVERSION = YES;
				CLANG_WARN_OBJC_ROOT_CLASS = YES_ERROR;
				CLANG_WARN_RANGE_LOOP_ANALYSIS = YES;
				CLANG_WARN_STRICT_PROTOTYPES = YES;
				CLANG_WARN_SUSPICIOUS_MOVE = YES;
				CLANG_WARN_UNGUARDED_AVAILABILITY = YES_AGGRESSIVE;
				CLANG_WARN_UNREACHABLE_CODE = YES;
				CLANG_WARN__DUPLICATE_METHOD_MATCH = YES;
				CODE_SIGN_IDENTITY = "iPhone Developer";
				COPY_PHASE_STRIP = NO;
				DEBUG_INFORMATION_FORMAT = "dwarf-with-dsym";
				ENABLE_NS_ASSERTIONS = NO;
				ENABLE_STRICT_OBJC_MSGSEND = YES;
				GCC_C_LANGUAGE_STANDARD = gnu11;
				GCC_NO_COMMON_BLOCKS = YES;
				GCC_WARN_64_TO_32_BIT_CONVERSION = YES;
				GCC_WARN_ABOUT_RETURN_TYPE = YES_ERROR;
				GCC_WARN_UNDECLARED_SELECTOR = YES;
				GCC_WARN_UNINITIALIZED_AUTOS = YES_AGGRESSIVE;
				GCC_WARN_UNUSED_FUNCTION = YES;
				GCC_WARN_UNUSED_VARIABLE = YES;
				IPHONEOS_DEPLOYMENT_TARGET = 11.4;
				MTL_ENABLE_DEBUG_INFO = NO;
				SDKROOT = iphoneos;
				SWIFT_COMPILATION_MODE = wholemodule;
				SWIFT_OPTIMIZATION_LEVEL = "-O";
				VALIDATE_PRODUCT = YES;
			};
			name = Release;
		};
		B28E19CF217ACBBD0013081F /* Debug */ = {
			isa = XCBuildConfiguration;
			buildSettings = {
				ASSETCATALOG_COMPILER_APPICON_NAME = AppIcon;
				CODE_SIGN_STYLE = Automatic;
				INFOPLIST_FILE = GuessTheNumber/Info.plist;
				LD_RUNPATH_SEARCH_PATHS = (
					"$(inherited)",
					"@executable_path/Frameworks",
				);
				PRODUCT_BUNDLE_IDENTIFIER = shutingmo.GuessTheNumber;
				PRODUCT_NAME = "$(TARGET_NAME)";
				SWIFT_VERSION = 4.0;
				TARGETED_DEVICE_FAMILY = "1,2";
			};
			name = Debug;
		};
		B28E19D0217ACBBD0013081F /* Release */ = {
			isa = XCBuildConfiguration;
			buildSettings = {
				ASSETCATALOG_COMPILER_APPICON_NAME = AppIcon;
				CODE_SIGN_STYLE = Automatic;
				INFOPLIST_FILE = GuessTheNumber/Info.plist;
				LD_RUNPATH_SEARCH_PATHS = (
					"$(inherited)",
					"@executable_path/Frameworks",
				);
				PRODUCT_BUNDLE_IDENTIFIER = shutingmo.GuessTheNumber;
				PRODUCT_NAME = "$(TARGET_NAME)";
				SWIFT_VERSION = 4.0;
				TARGETED_DEVICE_FAMILY = "1,2";
			};
			name = Release;
		};
		B28E19D2217ACBBD0013081F /* Debug */ = {
			isa = XCBuildConfiguration;
			buildSettings = {
				ALWAYS_EMBED_SWIFT_STANDARD_LIBRARIES = YES;
				BUNDLE_LOADER = "$(TEST_HOST)";
				CODE_SIGN_STYLE = Automatic;
				INFOPLIST_FILE = GuessTheNumberTests/Info.plist;
				LD_RUNPATH_SEARCH_PATHS = (
					"$(inherited)",
					"@executable_path/Frameworks",
					"@loader_path/Frameworks",
				);
				PRODUCT_BUNDLE_IDENTIFIER = shutingmo.GuessTheNumberTests;
				PRODUCT_NAME = "$(TARGET_NAME)";
				SWIFT_VERSION = 4.0;
				TARGETED_DEVICE_FAMILY = "1,2";
				TEST_HOST = "$(BUILT_PRODUCTS_DIR)/GuessTheNumber.app/GuessTheNumber";
			};
			name = Debug;
		};
		B28E19D3217ACBBD0013081F /* Release */ = {
			isa = XCBuildConfiguration;
			buildSettings = {
				ALWAYS_EMBED_SWIFT_STANDARD_LIBRARIES = YES;
				BUNDLE_LOADER = "$(TEST_HOST)";
				CODE_SIGN_STYLE = Automatic;
				INFOPLIST_FILE = GuessTheNumberTests/Info.plist;
				LD_RUNPATH_SEARCH_PATHS = (
					"$(inherited)",
					"@executable_path/Frameworks",
					"@loader_path/Frameworks",
				);
				PRODUCT_BUNDLE_IDENTIFIER = shutingmo.GuessTheNumberTests;
				PRODUCT_NAME = "$(TARGET_NAME)";
				SWIFT_VERSION = 4.0;
				TARGETED_DEVICE_FAMILY = "1,2";
				TEST_HOST = "$(BUILT_PRODUCTS_DIR)/GuessTheNumber.app/GuessTheNumber";
			};
			name = Release;
		};
		B28E19D5217ACBBD0013081F /* Debug */ = {
			isa = XCBuildConfiguration;
			buildSettings = {
				ALWAYS_EMBED_SWIFT_STANDARD_LIBRARIES = YES;
				CODE_SIGN_STYLE = Automatic;
				INFOPLIST_FILE = GuessTheNumberUITests/Info.plist;
				LD_RUNPATH_SEARCH_PATHS = (
					"$(inherited)",
					"@executable_path/Frameworks",
					"@loader_path/Frameworks",
				);
				PRODUCT_BUNDLE_IDENTIFIER = shutingmo.GuessTheNumberUITests;
				PRODUCT_NAME = "$(TARGET_NAME)";
				SWIFT_VERSION = 4.0;
				TARGETED_DEVICE_FAMILY = "1,2";
				TEST_TARGET_NAME = GuessTheNumber;
			};
			name = Debug;
		};
		B28E19D6217ACBBD0013081F /* Release */ = {
			isa = XCBuildConfiguration;
			buildSettings = {
				ALWAYS_EMBED_SWIFT_STANDARD_LIBRARIES = YES;
				CODE_SIGN_STYLE = Automatic;
				INFOPLIST_FILE = GuessTheNumberUITests/Info.plist;
				LD_RUNPATH_SEARCH_PATHS = (
					"$(inherited)",
					"@executable_path/Frameworks",
					"@loader_path/Frameworks",
				);
				PRODUCT_BUNDLE_IDENTIFIER = shutingmo.GuessTheNumberUITests;
				PRODUCT_NAME = "$(TARGET_NAME)";
				SWIFT_VERSION = 4.0;
				TARGETED_DEVICE_FAMILY = "1,2";
				TEST_TARGET_NAME = GuessTheNumber;
			};
			name = Release;
		};
/* End XCBuildConfiguration section */

/* Begin XCConfigurationList section */
		B28E19A1217ACBB80013081F /* Build configuration list for PBXProject "GuessTheNumber" */ = {
			isa = XCConfigurationList;
			buildConfigurations = (
				B28E19CC217ACBBD0013081F /* Debug */,
				B28E19CD217ACBBD0013081F /* Release */,
			);
			defaultConfigurationIsVisible = 0;
			defaultConfigurationName = Release;
		};
		B28E19CE217ACBBD0013081F /* Build configuration list for PBXNativeTarget "GuessTheNumber" */ = {
			isa = XCConfigurationList;
			buildConfigurations = (
				B28E19CF217ACBBD0013081F /* Debug */,
				B28E19D0217ACBBD0013081F /* Release */,
			);
			defaultConfigurationIsVisible = 0;
			defaultConfigurationName = Release;
		};
		B28E19D1217ACBBD0013081F /* Build configuration list for PBXNativeTarget "GuessTheNumberTests" */ = {
			isa = XCConfigurationList;
			buildConfigurations = (
				B28E19D2217ACBBD0013081F /* Debug */,
				B28E19D3217ACBBD0013081F /* Release */,
			);
			defaultConfigurationIsVisible = 0;
			defaultConfigurationName = Release;
		};
		B28E19D4217ACBBD0013081F /* Build configuration list for PBXNativeTarget "GuessTheNumberUITests" */ = {
			isa = XCConfigurationList;
			buildConfigurations = (
				B28E19D5217ACBBD0013081F /* Debug */,
				B28E19D6217ACBBD0013081F /* Release */,
			);
			defaultConfigurationIsVisible = 0;
			defaultConfigurationName = Release;
		};
/* End XCConfigurationList section */
	};
	rootObject = B28E199E217ACBB80013081F /* Project object */;
}
